{
  "lockfileVersion": 1,
  "workspaces": {
    "": {
      "name": "league_record",
      "dependencies": {
        "@fffffffxxxxxxx/league_record_types": "file:league_record_types/",
        "@fffffffxxxxxxx/videojs-markers": "^1.2.0",
        "@tauri-apps/api": "^2.8.0",
        "@tauri-apps/plugin-clipboard-manager": "^2.3.0",
        "@tauri-apps/plugin-dialog": "^2.3.3",
        "@tauri-apps/plugin-updater": "^2.9.0",
        "video.js": "^8.23.4",
      },
      "devDependencies": {
        "@tauri-apps/cli": "^2.8.1",
        "oxlint": "^1.12.0",
      },
    },
  },
  "packages": {
    "@babel/runtime": ["@babel/runtime@7.27.6", "", {}, "sha512-vbavdySgbTTrmFE+EsiqUTzlOr5bzlnJtUv9PynGCAKvfQqjIXbvFdumPM/GxMDfyuGMJaJAU6TO4zc1Jf1i8Q=="],

    "@fffffffxxxxxxx/league_record_types": ["@fffffffxxxxxxx/league_record_types@file:league_record_types", {}],

    "@fffffffxxxxxxx/videojs-markers": ["@fffffffxxxxxxx/videojs-markers@1.2.0", "", { "peerDependencies": { "video.js": "^8.0.0" } }, "sha512-3DrIPy2jl7P93Fdn1O2ZOSVl3lfvmsHKAR8Q46IJnacpspTG7kenDZAPwAQdl/+d6ig+MmyD4/B7+kEYV85EPQ=="],

    "@oxlint-tsgolint/darwin-arm64": ["@oxlint-tsgolint/darwin-arm64@0.0.4", "", { "os": "darwin", "cpu": "arm64" }, "sha512-qL0zqIYdYrXl6ghTIHnhJkvyYy1eKz0P8YIEp59MjY3/zNiyk/gtyp8LkwZdqb9ezbcX9UDQhSuSO1wURJsq8g=="],

    "@oxlint-tsgolint/darwin-x64": ["@oxlint-tsgolint/darwin-x64@0.0.4", "", { "os": "darwin", "cpu": "x64" }, "sha512-c3nSjqmDSKzemChAEUv/zy2e9cwgkkO/7rz4Y447+8pSbeZNHi3RrNpVHdrKL/Qep4pt6nFZE+6PoczZxHNQjg=="],

    "@oxlint-tsgolint/linux-arm64": ["@oxlint-tsgolint/linux-arm64@0.0.4", "", { "os": "linux", "cpu": "arm64" }, "sha512-P2BA54c/Ej5AGkChH1/7zMd6PwZfa+jnw8juB/JWops+BX+lbhbbBHz0cYduDBgWYjRo4e3OVJOTskqcpuMfNw=="],

    "@oxlint-tsgolint/linux-x64": ["@oxlint-tsgolint/linux-x64@0.0.4", "", { "os": "linux", "cpu": "x64" }, "sha512-hbgLpnDNicPrbHOAQ9nNfLOSrUrdWANP/umR7P/cwCc1sv66eEs7bm4G3mrhRU8aXFBJmbhdNqiDSUkYYvHWJQ=="],

    "@oxlint-tsgolint/win32-arm64": ["@oxlint-tsgolint/win32-arm64@0.0.4", "", { "os": "win32", "cpu": "arm64" }, "sha512-ozKEppmwZhC5LMedClBEat6cXgBGUvxGOgsKK2ZZNE6zSScX7QbvJAOt3nWMGs8GQshHy/6ndMB33+uRloglQA=="],

    "@oxlint-tsgolint/win32-x64": ["@oxlint-tsgolint/win32-x64@0.0.4", "", { "os": "win32", "cpu": "x64" }, "sha512-gLfx+qogW21QcaRKFg6ARgra7tSPqyn+Ems3FgTUyxV4OpJYn7KsQroygxOWElqv6JUobtvHBrxdB6YhlvERbQ=="],

    "@oxlint/darwin-arm64": ["@oxlint/darwin-arm64@1.12.0", "", { "os": "darwin", "cpu": "arm64" }, "sha512-Pv+Ho1uq2ny8g2P6JgQpaIUF1FHPL32DfOlZhKqmzDT3PydtFvZp/7zNyJE3BIXeTOOOG1Eg12hjZHMLsWxyNw=="],

    "@oxlint/darwin-x64": ["@oxlint/darwin-x64@1.12.0", "", { "os": "darwin", "cpu": "x64" }, "sha512-kNXPH/7jXjX4pawrEWXQHOasOdOsrYKhskA1qYwLYcv/COVSoxOSElkQtQa+KxN5zzt3F02kBdWDndLpgJLbLQ=="],

    "@oxlint/linux-arm64-gnu": ["@oxlint/linux-arm64-gnu@1.12.0", "", { "os": "linux", "cpu": "arm64" }, "sha512-U7NETs02K55ZyDlgdhx4lWeFYbkUKcL+YcG+Ak70EyEt/BKIIVt4B84VdV1JzC71FErUipDYAwPJmxMREXr4Sg=="],

    "@oxlint/linux-arm64-musl": ["@oxlint/linux-arm64-musl@1.12.0", "", { "os": "linux", "cpu": "arm64" }, "sha512-e4Pb2eZu3V2BsiX4t4gyv9iJ8+KRT6bkoWM5uC9BLX7edsVchwLwL6LB2vPYusYdPPrxdjlFCg6ni+9wlw7FbQ=="],

    "@oxlint/linux-x64-gnu": ["@oxlint/linux-x64-gnu@1.12.0", "", { "os": "linux", "cpu": "x64" }, "sha512-qJK98Dj/z7Nbm0xoz0nCCMFGy0W/kLewPzOK5QENxuUoQQ6ymt7/75rXOuTwAZJ6JFTarqfSuMAA0pka6Tmytw=="],

    "@oxlint/linux-x64-musl": ["@oxlint/linux-x64-musl@1.12.0", "", { "os": "linux", "cpu": "x64" }, "sha512-jNeltpHc1eonSev/bWKipJ7FI6+Rc7EXh6Y7E0pm8e95sc1klFA29FFVs3FjMA6CCa+SRT0u0nnNTTAtf2QOiQ=="],

    "@oxlint/win32-arm64": ["@oxlint/win32-arm64@1.12.0", "", { "os": "win32", "cpu": "arm64" }, "sha512-T3fpNZJ3Q9YGgJTKc1YyvGoomSXnrV5mREz0QACE06zUzfS8EWyaYc/GN17FhHvQ4uQk/1xLgnM6FPsuLMeRhw=="],

    "@oxlint/win32-x64": ["@oxlint/win32-x64@1.12.0", "", { "os": "win32", "cpu": "x64" }, "sha512-2eC4XQ1SMM2z7bCDG+Ifrn5GrvP6fkL0FGi4ZwDCrx6fwb1byFrXgSUNIPiqiiqBBrFRMKlXzU9zD6IjuFlUOg=="],

    "@tauri-apps/api": ["@tauri-apps/api@2.8.0", "", {}, "sha512-ga7zdhbS2GXOMTIZRT0mYjKJtR9fivsXzsyq5U3vjDL0s6DTMwYRm0UHNjzTY5dh4+LSC68Sm/7WEiimbQNYlw=="],

    "@tauri-apps/cli": ["@tauri-apps/cli@2.8.1", "", { "optionalDependencies": { "@tauri-apps/cli-darwin-arm64": "2.8.1", "@tauri-apps/cli-darwin-x64": "2.8.1", "@tauri-apps/cli-linux-arm-gnueabihf": "2.8.1", "@tauri-apps/cli-linux-arm64-gnu": "2.8.1", "@tauri-apps/cli-linux-arm64-musl": "2.8.1", "@tauri-apps/cli-linux-riscv64-gnu": "2.8.1", "@tauri-apps/cli-linux-x64-gnu": "2.8.1", "@tauri-apps/cli-linux-x64-musl": "2.8.1", "@tauri-apps/cli-win32-arm64-msvc": "2.8.1", "@tauri-apps/cli-win32-ia32-msvc": "2.8.1", "@tauri-apps/cli-win32-x64-msvc": "2.8.1" }, "bin": { "tauri": "tauri.js" } }, "sha512-ONVAfI7PFUO6MdSq9dh2YwlIb1cAezrzqrWw2+TChVskoqzDyyzncU7yXlcph/H/nR/kNDEY3E1pC8aV3TVCNQ=="],

    "@tauri-apps/cli-darwin-arm64": ["@tauri-apps/cli-darwin-arm64@2.8.1", "", { "os": "darwin", "cpu": "arm64" }, "sha512-301XWcDozcvJ79uMRquSvgI4vvAxetFs+reMpBI1U5mSWixjUqxZjxs9UDJAtE+GFXdGYTjSLUxCKe5WBDKZ/A=="],

    "@tauri-apps/cli-darwin-x64": ["@tauri-apps/cli-darwin-x64@2.8.1", "", { "os": "darwin", "cpu": "x64" }, "sha512-fJpOD/jWNy3sn27mjPGexBxGPTCgoCu29C+7qBV8kKJQGrRB4/zJk2zMqcKMjV/1Dma47n+saQWXLFwGpRUHgQ=="],

    "@tauri-apps/cli-linux-arm-gnueabihf": ["@tauri-apps/cli-linux-arm-gnueabihf@2.8.1", "", { "os": "linux", "cpu": "arm" }, "sha512-BcrZiInB3xjdV/Q2yv88aAz4Ajrxomd1+oePUO8ZWVpdhFwMZaAAOMbpPVgrlanGBeSzU7Aim9i1Opz/+JYiDA=="],

    "@tauri-apps/cli-linux-arm64-gnu": ["@tauri-apps/cli-linux-arm64-gnu@2.8.1", "", { "os": "linux", "cpu": "arm64" }, "sha512-uZXaQrcdk55h4qWSe3pngg6LMUwVUIoluxXG/cmKHeq8LddlUdKpj3OaSPahLWip1Ol6hq14ysvywzsrdhM4kA=="],

    "@tauri-apps/cli-linux-arm64-musl": ["@tauri-apps/cli-linux-arm64-musl@2.8.1", "", { "os": "linux", "cpu": "arm64" }, "sha512-VK/zwBzQY9SfyK7RSrxlIRQLJyhyssoByYWPK/FJMre8SV/y8zZ071cTQNG9dPWM1f+onI1WPTleG+TBUq/0Gw=="],

    "@tauri-apps/cli-linux-riscv64-gnu": ["@tauri-apps/cli-linux-riscv64-gnu@2.8.1", "", { "os": "linux", "cpu": "none" }, "sha512-bFw3zK6xkyurDR5kw2QgiU6YFlFNrfgtli3wRdTRv8zSVLZMQ2iZ8keYnd57vpvsbZ9PusFPYAMS7Fkzkf9I4g=="],

    "@tauri-apps/cli-linux-x64-gnu": ["@tauri-apps/cli-linux-x64-gnu@2.8.1", "", { "os": "linux", "cpu": "x64" }, "sha512-zOnFX+Rppuz0UVVSeCi67lMet8le+yT4UIiQ6t/QYGtpoWO/D4GpMoVYehJlR14klNXrC2CRxT9b3BUWTCEBwA=="],

    "@tauri-apps/cli-linux-x64-musl": ["@tauri-apps/cli-linux-x64-musl@2.8.1", "", { "os": "linux", "cpu": "x64" }, "sha512-gLy6eisaeOTC6NQirs3a0XZNCVT/i7JPYHkXx6ArH6+Kb9IU8ogthTY4MQoYbkWmdOp3ijKX+RT1dD3IZURrEg=="],

    "@tauri-apps/cli-win32-arm64-msvc": ["@tauri-apps/cli-win32-arm64-msvc@2.8.1", "", { "os": "win32", "cpu": "arm64" }, "sha512-ciZ93Dm847zFDqRyc1e0YRiu/cdWne1bMhvifcZOibbyqSKB9o+b95Y5axMtXqR4Wsd2mHiC5TE+MVF3NDsdEw=="],

    "@tauri-apps/cli-win32-ia32-msvc": ["@tauri-apps/cli-win32-ia32-msvc@2.8.1", "", { "os": "win32", "cpu": "ia32" }, "sha512-uWUa503Pw53XidUvcqWOvVsBY7vpQs+ZlTyQgXSnPuTiMF1l5bFEzqoHMvZfIL3MFG13xCAqVK1bR7lFB/6qMQ=="],

    "@tauri-apps/cli-win32-x64-msvc": ["@tauri-apps/cli-win32-x64-msvc@2.8.1", "", { "os": "win32", "cpu": "x64" }, "sha512-KmiT0vI7FMBWfk5YDQg7+WcjzuMdeaHOQ7H0podZ7lyJg2qo2DpbGp8y+fMVCRsmvQx5bW6Cyh1ArfO1kkUInA=="],

    "@tauri-apps/plugin-clipboard-manager": ["@tauri-apps/plugin-clipboard-manager@2.3.0", "", { "dependencies": { "@tauri-apps/api": "^2.6.0" } }, "sha512-81NOBA2P+OTY8RLkBwyl9ZR/0CeggLub4F6zxcxUIfFOAqtky7J61+K/MkH2SC1FMxNBxrX0swDuKvkjkHadlA=="],

    "@tauri-apps/plugin-dialog": ["@tauri-apps/plugin-dialog@2.3.3", "", { "dependencies": { "@tauri-apps/api": "^2.8.0" } }, "sha512-cWXB9QJDbLIA0v7I5QY183awazBEQNPhp19iPvrMZoJRX8SbFkhWFx1/q7zy7xGpXXzxz29qtq6z21Ho7W5Iew=="],

    "@tauri-apps/plugin-updater": ["@tauri-apps/plugin-updater@2.9.0", "", { "dependencies": { "@tauri-apps/api": "^2.6.0" } }, "sha512-j++sgY8XpeDvzImTrzWA08OqqGqgkNyxczLD7FjNJJx/uXxMZFz5nDcfkyoI/rCjYuj2101Tci/r/HFmOmoxCg=="],

    "@videojs/http-streaming": ["@videojs/http-streaming@3.17.2", "", { "dependencies": { "@babel/runtime": "^7.12.5", "@videojs/vhs-utils": "^4.1.1", "aes-decrypter": "^4.0.2", "global": "^4.4.0", "m3u8-parser": "^7.2.0", "mpd-parser": "^1.3.1", "mux.js": "7.1.0", "video.js": "^7 || ^8" } }, "sha512-VBQ3W4wnKnVKb/limLdtSD2rAd5cmHN70xoMf4OmuDd0t2kfJX04G+sfw6u2j8oOm2BXYM9E1f4acHruqKnM1g=="],

    "@videojs/vhs-utils": ["@videojs/vhs-utils@4.1.1", "", { "dependencies": { "@babel/runtime": "^7.12.5", "global": "^4.4.0" } }, "sha512-5iLX6sR2ownbv4Mtejw6Ax+naosGvoT9kY+gcuHzANyUZZ+4NpeNdKMUhb6ag0acYej1Y7cmr/F2+4PrggMiVA=="],

    "@videojs/xhr": ["@videojs/xhr@2.7.0", "", { "dependencies": { "@babel/runtime": "^7.5.5", "global": "~4.4.0", "is-function": "^1.0.1" } }, "sha512-giab+EVRanChIupZK7gXjHy90y3nncA2phIOyG3Ne5fvpiMJzvqYwiTOnEVW2S4CoYcuKJkomat7bMXA/UoUZQ=="],

    "@xmldom/xmldom": ["@xmldom/xmldom@0.8.10", "", {}, "sha512-2WALfTl4xo2SkGCYRt6rDTFfk9R1czmBvUQy12gK2KuRKIpWEhcbbzy8EZXtz/jkRqHX8bFEc6FC1HjX4TUWYw=="],

    "aes-decrypter": ["aes-decrypter@4.0.2", "", { "dependencies": { "@babel/runtime": "^7.12.5", "@videojs/vhs-utils": "^4.1.1", "global": "^4.4.0", "pkcs7": "^1.0.4" } }, "sha512-lc+/9s6iJvuaRe5qDlMTpCFjnwpkeOXp8qP3oiZ5jsj1MRg+SBVUmmICrhxHvc8OELSmc+fEyyxAuppY6hrWzw=="],

    "dom-walk": ["dom-walk@0.1.2", "", {}, "sha512-6QvTW9mrGeIegrFXdtQi9pk7O/nSK6lSdXW2eqUspN5LWD7UTji2Fqw5V2YLjBpHEoU9Xl/eUWNpDeZvoyOv2w=="],

    "global": ["global@4.4.0", "", { "dependencies": { "min-document": "^2.19.0", "process": "^0.11.10" } }, "sha512-wv/LAoHdRE3BeTGz53FAamhGlPLhlssK45usmGFThIi4XqnBmjKQ16u+RNbP7WvigRZDxUsM0J3gcQ5yicaL0w=="],

    "is-function": ["is-function@1.0.2", "", {}, "sha512-lw7DUp0aWXYg+CBCN+JKkcE0Q2RayZnSvnZBlwgxHBQhqt5pZNVy4Ri7H9GmmXkdu7LUthszM+Tor1u/2iBcpQ=="],

    "m3u8-parser": ["m3u8-parser@7.2.0", "", { "dependencies": { "@babel/runtime": "^7.12.5", "@videojs/vhs-utils": "^4.1.1", "global": "^4.4.0" } }, "sha512-CRatFqpjVtMiMaKXxNvuI3I++vUumIXVVT/JpCpdU/FynV/ceVw1qpPyyBNindL+JlPMSesx+WX1QJaZEJSaMQ=="],

    "min-document": ["min-document@2.19.0", "", { "dependencies": { "dom-walk": "^0.1.0" } }, "sha512-9Wy1B3m3f66bPPmU5hdA4DR4PB2OfDU/+GS3yAB7IQozE3tqXaVv2zOjgla7MEGSRv95+ILmOuvhLkOK6wJtCQ=="],

    "mpd-parser": ["mpd-parser@1.3.1", "", { "dependencies": { "@babel/runtime": "^7.12.5", "@videojs/vhs-utils": "^4.0.0", "@xmldom/xmldom": "^0.8.3", "global": "^4.4.0" }, "bin": { "mpd-to-m3u8-json": "bin/parse.js" } }, "sha512-1FuyEWI5k2HcmhS1HkKnUAQV7yFPfXPht2DnRRGtoiiAAW+ESTbtEXIDpRkwdU+XyrQuwrIym7UkoPKsZ0SyFw=="],

    "mux.js": ["mux.js@7.1.0", "", { "dependencies": { "@babel/runtime": "^7.11.2", "global": "^4.4.0" }, "bin": { "muxjs-transmux": "bin/transmux.js" } }, "sha512-NTxawK/BBELJrYsZThEulyUMDVlLizKdxyAsMuzoCD1eFj97BVaA8D/CvKsKu6FOLYkFojN5CbM9h++ZTZtknA=="],

    "oxlint": ["oxlint@1.12.0", "", { "optionalDependencies": { "@oxlint/darwin-arm64": "1.12.0", "@oxlint/darwin-x64": "1.12.0", "@oxlint/linux-arm64-gnu": "1.12.0", "@oxlint/linux-arm64-musl": "1.12.0", "@oxlint/linux-x64-gnu": "1.12.0", "@oxlint/linux-x64-musl": "1.12.0", "@oxlint/win32-arm64": "1.12.0", "@oxlint/win32-x64": "1.12.0", "oxlint-tsgolint": ">=0.0.1" }, "bin": { "oxlint": "bin/oxlint", "oxc_language_server": "bin/oxc_language_server" } }, "sha512-tBQ9aB00aYLlGXE21WJHnKQAI8xoi2V6Eiz/WvGV7FwU9YLYuNOurEEVbfoS5u0ODX8GLvGWj1fdHh5Rb74Kkw=="],

    "oxlint-tsgolint": ["oxlint-tsgolint@0.0.4", "", { "optionalDependencies": { "@oxlint-tsgolint/darwin-arm64": "0.0.4", "@oxlint-tsgolint/darwin-x64": "0.0.4", "@oxlint-tsgolint/linux-arm64": "0.0.4", "@oxlint-tsgolint/linux-x64": "0.0.4", "@oxlint-tsgolint/win32-arm64": "0.0.4", "@oxlint-tsgolint/win32-x64": "0.0.4" }, "bin": { "tsgolint": "bin/tsgolint.js" } }, "sha512-KFWVP+VU3ymgK/Dtuf6iRkqjo+aN42lS1YThY6JWlNi1GQqm7wtio/kAwssqDhm8kP+CVXbgZAtu1wgsK4XeTg=="],

    "pkcs7": ["pkcs7@1.0.4", "", { "dependencies": { "@babel/runtime": "^7.5.5" }, "bin": { "pkcs7": "bin/cli.js" } }, "sha512-afRERtHn54AlwaF2/+LFszyAANTCggGilmcmILUzEjvs3XgFZT+xE6+QWQcAGmu4xajy+Xtj7acLOPdx5/eXWQ=="],

    "process": ["process@0.11.10", "", {}, "sha512-cdGef/drWFoydD1JsMzuFf8100nZl+GT+yacc2bEced5f9Rjk4z+WtFUTBu9PhOi9j/jfmBPu0mMEY4wIdAF8A=="],

    "video.js": ["video.js@8.23.4", "", { "dependencies": { "@babel/runtime": "^7.12.5", "@videojs/http-streaming": "^3.17.2", "@videojs/vhs-utils": "^4.1.1", "@videojs/xhr": "2.7.0", "aes-decrypter": "^4.0.2", "global": "4.4.0", "m3u8-parser": "^7.2.0", "mpd-parser": "^1.3.1", "mux.js": "^7.0.1", "videojs-contrib-quality-levels": "4.1.0", "videojs-font": "4.2.0", "videojs-vtt.js": "0.15.5" } }, "sha512-qI0VTlYmKzEqRsz1Nppdfcaww4RSxZAq77z2oNSl3cNg2h6do5C8Ffl0KqWQ1OpD8desWXsCrde7tKJ9gGTEyQ=="],

    "videojs-contrib-quality-levels": ["videojs-contrib-quality-levels@4.1.0", "", { "dependencies": { "global": "^4.4.0" }, "peerDependencies": { "video.js": "^8" } }, "sha512-TfrXJJg1Bv4t6TOCMEVMwF/CoS8iENYsWNKip8zfhB5kTcegiFYezEA0eHAJPU64ZC8NQbxQgOwAsYU8VXbOWA=="],

    "videojs-font": ["videojs-font@4.2.0", "", {}, "sha512-YPq+wiKoGy2/M7ccjmlvwi58z2xsykkkfNMyIg4xb7EZQQNwB71hcSsB3o75CqQV7/y5lXkXhI/rsGAS7jfEmQ=="],

    "videojs-vtt.js": ["videojs-vtt.js@0.15.5", "", { "dependencies": { "global": "^4.3.1" } }, "sha512-yZbBxvA7QMYn15Lr/ZfhhLPrNpI/RmCSCqgIff57GC2gIrV5YfyzLfLyZMj0NnZSAz8syB4N0nHXpZg9MyrMOQ=="],

    "@tauri-apps/plugin-clipboard-manager/@tauri-apps/api": ["@tauri-apps/api@2.7.0", "", {}, "sha512-v7fVE8jqBl8xJFOcBafDzXFc8FnicoH3j8o8DNNs0tHuEBmXUDqrCOAzMRX0UkfpwqZLqvrvK0GNQ45DfnoVDg=="],

    "@tauri-apps/plugin-updater/@tauri-apps/api": ["@tauri-apps/api@2.7.0", "", {}, "sha512-v7fVE8jqBl8xJFOcBafDzXFc8FnicoH3j8o8DNNs0tHuEBmXUDqrCOAzMRX0UkfpwqZLqvrvK0GNQ45DfnoVDg=="],

    "@videojs/http-streaming/video.js": ["video.js@8.23.3", "", { "dependencies": { "@babel/runtime": "^7.12.5", "@videojs/http-streaming": "^3.17.0", "@videojs/vhs-utils": "^4.1.1", "@videojs/xhr": "2.7.0", "aes-decrypter": "^4.0.2", "global": "4.4.0", "m3u8-parser": "^7.2.0", "mpd-parser": "^1.3.1", "mux.js": "^7.0.1", "videojs-contrib-quality-levels": "4.1.0", "videojs-font": "4.2.0", "videojs-vtt.js": "0.15.5" } }, "sha512-Toe0VLlDZcUhiaWfcePS1OEdT3ATfktm0hk/PELfD7zUoPDHeT+cJf/wZmCy5M5eGVwtGUg25RWPCj1L/1XufA=="],
  }
}
