{
  "lockfileVersion": 1,
  "workspaces": {
    "": {
      "name": "league_record",
      "dependencies": {
        "@fffffffxxxxxxx/league_record_types": "file:league_record_types/",
        "@fffffffxxxxxxx/videojs-markers": "^1.1.8",
        "@tauri-apps/api": "^2.0.0",
        "@tauri-apps/plugin-clipboard-manager": "^2.0.0",
        "@tauri-apps/plugin-dialog": "^2.0.0",
        "@tauri-apps/plugin-updater": "^2.0.0",
        "video.js": "^8.22.0",
      },
      "devDependencies": {
        "@tauri-apps/cli": "^2.7.1",
        "oxlint": "^1.8.0",
      },
    },
  },
  "packages": {
    "@babel/runtime": ["@babel/runtime@7.27.6", "", {}, "sha512-vbavdySgbTTrmFE+EsiqUTzlOr5bzlnJtUv9PynGCAKvfQqjIXbvFdumPM/GxMDfyuGMJaJAU6TO4zc1Jf1i8Q=="],

    "@fffffffxxxxxxx/league_record_types": ["@fffffffxxxxxxx/league_record_types@file:league_record_types", {}],

    "@fffffffxxxxxxx/videojs-markers": ["@fffffffxxxxxxx/videojs-markers@1.1.8", "", { "peerDependencies": { "video.js": "^8.0.0" } }, "sha512-SbeZvsE6stlMSOWg1xs8y4zrJl7+FjE9LhxbiozJ906mHWgMj+ImFMZMyMx0iej8TvrtH/R9piFvOjpdSRuFXQ=="],

    "@oxlint/darwin-arm64": ["@oxlint/darwin-arm64@1.8.0", "", { "os": "darwin", "cpu": "arm64" }, "sha512-1juYJF1xqRNkswzDSN1V44NoZ+O2Mkc9LjbkDB/UErb8dxTqFhCZC3CQR6Em55/tys1FtajXgK3B+ykWnY9HNQ=="],

    "@oxlint/darwin-x64": ["@oxlint/darwin-x64@1.8.0", "", { "os": "darwin", "cpu": "x64" }, "sha512-5b7J/XE2eGhx3+vw6IFuuL0BbIF3wRzo4SWHVXN9rO3WYq2YpoHToY4C5WMWb8toVZcoJlx4Y1lq3IO2V78zTg=="],

    "@oxlint/linux-arm64-gnu": ["@oxlint/linux-arm64-gnu@1.8.0", "", { "os": "linux", "cpu": "arm64" }, "sha512-pzfk9IZBbYuIYn4sbT//Vox8B8e8hOZPkIQnNAdzhpGtRjV4NYOgNL5/h2QZC+ecmxl8H+Gi9WV6dyKjFrBtcw=="],

    "@oxlint/linux-arm64-musl": ["@oxlint/linux-arm64-musl@1.8.0", "", { "os": "linux", "cpu": "arm64" }, "sha512-6rpaeAG271wbUNM+WeJhdvJDDMwfoenm7rPY304dxnC+fcuR8Q0LSv09dGeNWrsqjjZuDP9R10qR154nysBxFg=="],

    "@oxlint/linux-x64-gnu": ["@oxlint/linux-x64-gnu@1.8.0", "", { "os": "linux", "cpu": "x64" }, "sha512-qPEF8tKMu+63b58gPfwU3KyJf2z9KyorbrC0yGXFHQLzRPEtrh6bAjf+AzCs3n8WhDR1K6jPgcPT4Sp8bahCyQ=="],

    "@oxlint/linux-x64-musl": ["@oxlint/linux-x64-musl@1.8.0", "", { "os": "linux", "cpu": "x64" }, "sha512-JyErk/LsLg/tA3XkHhU8VIxahOdq56L99mbpMFGLTkOQgtnhY2MDAYULVgOuFFX3v6Q02o4mpIR/SwW/tRnZlg=="],

    "@oxlint/win32-arm64": ["@oxlint/win32-arm64@1.8.0", "", { "os": "win32", "cpu": "arm64" }, "sha512-QvhtDAU9bBdC2m5xO+ibKyMG4KZR44wB0vDbQ5YkQxJiuXrlleHLyz0+saFzVYQ/Fvc0QgIRTIwiVz9dzxidVw=="],

    "@oxlint/win32-x64": ["@oxlint/win32-x64@1.8.0", "", { "os": "win32", "cpu": "x64" }, "sha512-veXJXgF905UOvuxtmvzM328b4Itm8Fyu+lUq4PagXOmyRScevaVUXq6++ui3A/Gxd8yo0SHspHCbYkpuvJkXqQ=="],

    "@tauri-apps/api": ["@tauri-apps/api@2.7.0", "", {}, "sha512-v7fVE8jqBl8xJFOcBafDzXFc8FnicoH3j8o8DNNs0tHuEBmXUDqrCOAzMRX0UkfpwqZLqvrvK0GNQ45DfnoVDg=="],

    "@tauri-apps/cli": ["@tauri-apps/cli@2.7.1", "", { "optionalDependencies": { "@tauri-apps/cli-darwin-arm64": "2.7.1", "@tauri-apps/cli-darwin-x64": "2.7.1", "@tauri-apps/cli-linux-arm-gnueabihf": "2.7.1", "@tauri-apps/cli-linux-arm64-gnu": "2.7.1", "@tauri-apps/cli-linux-arm64-musl": "2.7.1", "@tauri-apps/cli-linux-riscv64-gnu": "2.7.1", "@tauri-apps/cli-linux-x64-gnu": "2.7.1", "@tauri-apps/cli-linux-x64-musl": "2.7.1", "@tauri-apps/cli-win32-arm64-msvc": "2.7.1", "@tauri-apps/cli-win32-ia32-msvc": "2.7.1", "@tauri-apps/cli-win32-x64-msvc": "2.7.1" }, "bin": { "tauri": "tauri.js" } }, "sha512-RcGWR4jOUEl92w3uvI0h61Llkfj9lwGD1iwvDRD2isMrDhOzjeeeVn9aGzeW1jubQ/kAbMYfydcA4BA0Cy733Q=="],

    "@tauri-apps/cli-darwin-arm64": ["@tauri-apps/cli-darwin-arm64@2.7.1", "", { "os": "darwin", "cpu": "arm64" }, "sha512-j2NXQN6+08G03xYiyKDKqbCV2Txt+hUKg0a8hYr92AmoCU8fgCjHyva/p16lGFGUG3P2Yu0xiNe1hXL9ZuRMzA=="],

    "@tauri-apps/cli-darwin-x64": ["@tauri-apps/cli-darwin-x64@2.7.1", "", { "os": "darwin", "cpu": "x64" }, "sha512-CdYAefeM35zKsc91qIyKzbaO7FhzTyWKsE8hj7tEJ1INYpoh1NeNNyL/NSEA3Nebi5ilugioJ5tRK8ZXG8y3gw=="],

    "@tauri-apps/cli-linux-arm-gnueabihf": ["@tauri-apps/cli-linux-arm-gnueabihf@2.7.1", "", { "os": "linux", "cpu": "arm" }, "sha512-dnvyJrTA1UJxJjQ8q1N/gWomjP8Twij1BUQu2fdcT3OPpqlrbOk5R1yT0oD/721xoKNjroB5BXCsmmlykllxNg=="],

    "@tauri-apps/cli-linux-arm64-gnu": ["@tauri-apps/cli-linux-arm64-gnu@2.7.1", "", { "os": "linux", "cpu": "arm64" }, "sha512-FtBW6LJPNRTws3qyUc294AqCWU91l/H0SsFKq6q4Q45MSS4x6wxLxou8zB53tLDGEPx3JSoPLcDaSfPlSbyujQ=="],

    "@tauri-apps/cli-linux-arm64-musl": ["@tauri-apps/cli-linux-arm64-musl@2.7.1", "", { "os": "linux", "cpu": "arm64" }, "sha512-/HXY0t4FHkpFzjeYS5c16mlA6z0kzn5uKLWptTLTdFSnYpr8FCnOP4Sdkvm2TDQPF2ERxXtNCd+WR/jQugbGnA=="],

    "@tauri-apps/cli-linux-riscv64-gnu": ["@tauri-apps/cli-linux-riscv64-gnu@2.7.1", "", { "os": "linux", "cpu": "none" }, "sha512-GeW5lVI2GhhnaYckiDzstG2j2Jwlud5d2XefRGwlOK+C/bVGLT1le8MNPYK8wgRlpeK8fG1WnJJYD6Ke7YQ8bg=="],

    "@tauri-apps/cli-linux-x64-gnu": ["@tauri-apps/cli-linux-x64-gnu@2.7.1", "", { "os": "linux", "cpu": "x64" }, "sha512-DprxKQkPxIPYwUgg+cscpv2lcIUhn2nxEPlk0UeaiV9vATxCXyytxr1gLcj3xgjGyNPlM0MlJyYaPy1JmRg1cA=="],

    "@tauri-apps/cli-linux-x64-musl": ["@tauri-apps/cli-linux-x64-musl@2.7.1", "", { "os": "linux", "cpu": "x64" }, "sha512-KLlq3kOK7OUyDR757c0zQjPULpGZpLhNB0lZmZpHXvoOUcqZoCXJHh4dT/mryWZJp5ilrem5l8o9ngrDo0X1AA=="],

    "@tauri-apps/cli-win32-arm64-msvc": ["@tauri-apps/cli-win32-arm64-msvc@2.7.1", "", { "os": "win32", "cpu": "arm64" }, "sha512-dH7KUjKkSypCeWPiainHyXoES3obS+JIZVoSwSZfKq2gWgs48FY3oT0hQNYrWveE+VR4VoR3b/F3CPGbgFvksA=="],

    "@tauri-apps/cli-win32-ia32-msvc": ["@tauri-apps/cli-win32-ia32-msvc@2.7.1", "", { "os": "win32", "cpu": "ia32" }, "sha512-1oeibfyWQPVcijOrTg709qhbXArjX3x1MPjrmA5anlygwrbByxLBcLXvotcOeULFcnH2FYUMMLLant8kgvwE5A=="],

    "@tauri-apps/cli-win32-x64-msvc": ["@tauri-apps/cli-win32-x64-msvc@2.7.1", "", { "os": "win32", "cpu": "x64" }, "sha512-D7Q9kDObutuirCNLxYQ7KAg2Xxg99AjcdYz/KuMw5HvyEPbkC9Q7JL0vOrQOrHEHxIQ2lYzFOZvKKoC2yyqXcg=="],

    "@tauri-apps/plugin-clipboard-manager": ["@tauri-apps/plugin-clipboard-manager@2.3.0", "", { "dependencies": { "@tauri-apps/api": "^2.6.0" } }, "sha512-81NOBA2P+OTY8RLkBwyl9ZR/0CeggLub4F6zxcxUIfFOAqtky7J61+K/MkH2SC1FMxNBxrX0swDuKvkjkHadlA=="],

    "@tauri-apps/plugin-dialog": ["@tauri-apps/plugin-dialog@2.3.1", "", { "dependencies": { "@tauri-apps/api": "^2.6.0" } }, "sha512-B7jvyhycV8SI/WHzPjciwtYfdFM6/9EXuMjRgYWZwn8GPDmHxpT80aJdb/eDVN+NgoAFDh9bu4QPonYahoYnZQ=="],

    "@tauri-apps/plugin-updater": ["@tauri-apps/plugin-updater@2.9.0", "", { "dependencies": { "@tauri-apps/api": "^2.6.0" } }, "sha512-j++sgY8XpeDvzImTrzWA08OqqGqgkNyxczLD7FjNJJx/uXxMZFz5nDcfkyoI/rCjYuj2101Tci/r/HFmOmoxCg=="],

    "@videojs/http-streaming": ["@videojs/http-streaming@3.17.2", "", { "dependencies": { "@babel/runtime": "^7.12.5", "@videojs/vhs-utils": "^4.1.1", "aes-decrypter": "^4.0.2", "global": "^4.4.0", "m3u8-parser": "^7.2.0", "mpd-parser": "^1.3.1", "mux.js": "7.1.0", "video.js": "^7 || ^8" } }, "sha512-VBQ3W4wnKnVKb/limLdtSD2rAd5cmHN70xoMf4OmuDd0t2kfJX04G+sfw6u2j8oOm2BXYM9E1f4acHruqKnM1g=="],

    "@videojs/vhs-utils": ["@videojs/vhs-utils@4.1.1", "", { "dependencies": { "@babel/runtime": "^7.12.5", "global": "^4.4.0" } }, "sha512-5iLX6sR2ownbv4Mtejw6Ax+naosGvoT9kY+gcuHzANyUZZ+4NpeNdKMUhb6ag0acYej1Y7cmr/F2+4PrggMiVA=="],

    "@videojs/xhr": ["@videojs/xhr@2.7.0", "", { "dependencies": { "@babel/runtime": "^7.5.5", "global": "~4.4.0", "is-function": "^1.0.1" } }, "sha512-giab+EVRanChIupZK7gXjHy90y3nncA2phIOyG3Ne5fvpiMJzvqYwiTOnEVW2S4CoYcuKJkomat7bMXA/UoUZQ=="],

    "@xmldom/xmldom": ["@xmldom/xmldom@0.8.10", "", {}, "sha512-2WALfTl4xo2SkGCYRt6rDTFfk9R1czmBvUQy12gK2KuRKIpWEhcbbzy8EZXtz/jkRqHX8bFEc6FC1HjX4TUWYw=="],

    "aes-decrypter": ["aes-decrypter@4.0.2", "", { "dependencies": { "@babel/runtime": "^7.12.5", "@videojs/vhs-utils": "^4.1.1", "global": "^4.4.0", "pkcs7": "^1.0.4" } }, "sha512-lc+/9s6iJvuaRe5qDlMTpCFjnwpkeOXp8qP3oiZ5jsj1MRg+SBVUmmICrhxHvc8OELSmc+fEyyxAuppY6hrWzw=="],

    "dom-walk": ["dom-walk@0.1.2", "", {}, "sha512-6QvTW9mrGeIegrFXdtQi9pk7O/nSK6lSdXW2eqUspN5LWD7UTji2Fqw5V2YLjBpHEoU9Xl/eUWNpDeZvoyOv2w=="],

    "global": ["global@4.4.0", "", { "dependencies": { "min-document": "^2.19.0", "process": "^0.11.10" } }, "sha512-wv/LAoHdRE3BeTGz53FAamhGlPLhlssK45usmGFThIi4XqnBmjKQ16u+RNbP7WvigRZDxUsM0J3gcQ5yicaL0w=="],

    "is-function": ["is-function@1.0.2", "", {}, "sha512-lw7DUp0aWXYg+CBCN+JKkcE0Q2RayZnSvnZBlwgxHBQhqt5pZNVy4Ri7H9GmmXkdu7LUthszM+Tor1u/2iBcpQ=="],

    "m3u8-parser": ["m3u8-parser@7.2.0", "", { "dependencies": { "@babel/runtime": "^7.12.5", "@videojs/vhs-utils": "^4.1.1", "global": "^4.4.0" } }, "sha512-CRatFqpjVtMiMaKXxNvuI3I++vUumIXVVT/JpCpdU/FynV/ceVw1qpPyyBNindL+JlPMSesx+WX1QJaZEJSaMQ=="],

    "min-document": ["min-document@2.19.0", "", { "dependencies": { "dom-walk": "^0.1.0" } }, "sha512-9Wy1B3m3f66bPPmU5hdA4DR4PB2OfDU/+GS3yAB7IQozE3tqXaVv2zOjgla7MEGSRv95+ILmOuvhLkOK6wJtCQ=="],

    "mpd-parser": ["mpd-parser@1.3.1", "", { "dependencies": { "@babel/runtime": "^7.12.5", "@videojs/vhs-utils": "^4.0.0", "@xmldom/xmldom": "^0.8.3", "global": "^4.4.0" }, "bin": { "mpd-to-m3u8-json": "bin/parse.js" } }, "sha512-1FuyEWI5k2HcmhS1HkKnUAQV7yFPfXPht2DnRRGtoiiAAW+ESTbtEXIDpRkwdU+XyrQuwrIym7UkoPKsZ0SyFw=="],

    "mux.js": ["mux.js@7.1.0", "", { "dependencies": { "@babel/runtime": "^7.11.2", "global": "^4.4.0" }, "bin": { "muxjs-transmux": "bin/transmux.js" } }, "sha512-NTxawK/BBELJrYsZThEulyUMDVlLizKdxyAsMuzoCD1eFj97BVaA8D/CvKsKu6FOLYkFojN5CbM9h++ZTZtknA=="],

    "oxlint": ["oxlint@1.8.0", "", { "optionalDependencies": { "@oxlint/darwin-arm64": "1.8.0", "@oxlint/darwin-x64": "1.8.0", "@oxlint/linux-arm64-gnu": "1.8.0", "@oxlint/linux-arm64-musl": "1.8.0", "@oxlint/linux-x64-gnu": "1.8.0", "@oxlint/linux-x64-musl": "1.8.0", "@oxlint/win32-arm64": "1.8.0", "@oxlint/win32-x64": "1.8.0" }, "bin": { "oxlint": "bin/oxlint", "oxc_language_server": "bin/oxc_language_server" } }, "sha512-kDC3zuplBM35GbrZ/3rRdDrZ6unpUkUjM8P3VSbyLgaYh2xZeg0TLLDbYALNAUyChVonNafXzgHZmbwnHfrTRg=="],

    "pkcs7": ["pkcs7@1.0.4", "", { "dependencies": { "@babel/runtime": "^7.5.5" }, "bin": { "pkcs7": "bin/cli.js" } }, "sha512-afRERtHn54AlwaF2/+LFszyAANTCggGilmcmILUzEjvs3XgFZT+xE6+QWQcAGmu4xajy+Xtj7acLOPdx5/eXWQ=="],

    "process": ["process@0.11.10", "", {}, "sha512-cdGef/drWFoydD1JsMzuFf8100nZl+GT+yacc2bEced5f9Rjk4z+WtFUTBu9PhOi9j/jfmBPu0mMEY4wIdAF8A=="],

    "video.js": ["video.js@8.23.3", "", { "dependencies": { "@babel/runtime": "^7.12.5", "@videojs/http-streaming": "^3.17.0", "@videojs/vhs-utils": "^4.1.1", "@videojs/xhr": "2.7.0", "aes-decrypter": "^4.0.2", "global": "4.4.0", "m3u8-parser": "^7.2.0", "mpd-parser": "^1.3.1", "mux.js": "^7.0.1", "videojs-contrib-quality-levels": "4.1.0", "videojs-font": "4.2.0", "videojs-vtt.js": "0.15.5" } }, "sha512-Toe0VLlDZcUhiaWfcePS1OEdT3ATfktm0hk/PELfD7zUoPDHeT+cJf/wZmCy5M5eGVwtGUg25RWPCj1L/1XufA=="],

    "videojs-contrib-quality-levels": ["videojs-contrib-quality-levels@4.1.0", "", { "dependencies": { "global": "^4.4.0" }, "peerDependencies": { "video.js": "^8" } }, "sha512-TfrXJJg1Bv4t6TOCMEVMwF/CoS8iENYsWNKip8zfhB5kTcegiFYezEA0eHAJPU64ZC8NQbxQgOwAsYU8VXbOWA=="],

    "videojs-font": ["videojs-font@4.2.0", "", {}, "sha512-YPq+wiKoGy2/M7ccjmlvwi58z2xsykkkfNMyIg4xb7EZQQNwB71hcSsB3o75CqQV7/y5lXkXhI/rsGAS7jfEmQ=="],

    "videojs-vtt.js": ["videojs-vtt.js@0.15.5", "", { "dependencies": { "global": "^4.3.1" } }, "sha512-yZbBxvA7QMYn15Lr/ZfhhLPrNpI/RmCSCqgIff57GC2gIrV5YfyzLfLyZMj0NnZSAz8syB4N0nHXpZg9MyrMOQ=="],
  }
}
