{
  "version": "5",
  "specifiers": {
    "npm:@fffffffxxxxxxx/videojs-markers@^1.1.8": "1.1.8_video.js@8.23.3",
    "npm:@tauri-apps/api@2": "2.6.0",
    "npm:@tauri-apps/plugin-clipboard-manager@2": "2.3.0",
    "npm:@tauri-apps/plugin-dialog@2": "2.3.0",
    "npm:@tauri-apps/plugin-updater@2": "2.9.0",
    "npm:video.js@^8.22.0": "8.23.3"
  },
  "npm": {
    "@babel/runtime@7.27.6": {
      "integrity": "sha512-vbavdySgbTTrmFE+EsiqUTzlOr5bzlnJtUv9PynGCAKvfQqjIXbvFdumPM/GxMDfyuGMJaJAU6TO4zc1Jf1i8Q=="
    },
    "@esbuild/aix-ppc64@0.25.6": {
      "integrity": "sha512-ShbM/3XxwuxjFiuVBHA+d3j5dyac0aEVVq1oluIDf71hUw0aRF59dV/efUsIwFnR6m8JNM2FjZOzmaZ8yG61kw==",
      "os": ["aix"],
      "cpu": ["ppc64"]
    },
    "@esbuild/android-arm64@0.25.6": {
      "integrity": "sha512-hd5zdUarsK6strW+3Wxi5qWws+rJhCCbMiC9QZyzoxfk5uHRIE8T287giQxzVpEvCwuJ9Qjg6bEjcRJcgfLqoA==",
      "os": ["android"],
      "cpu": ["arm64"]
    },
    "@esbuild/android-arm@0.25.6": {
      "integrity": "sha512-S8ToEOVfg++AU/bHwdksHNnyLyVM+eMVAOf6yRKFitnwnbwwPNqKr3srzFRe7nzV69RQKb5DgchIX5pt3L53xg==",
      "os": ["android"],
      "cpu": ["arm"]
    },
    "@esbuild/android-x64@0.25.6": {
      "integrity": "sha512-0Z7KpHSr3VBIO9A/1wcT3NTy7EB4oNC4upJ5ye3R7taCc2GUdeynSLArnon5G8scPwaU866d3H4BCrE5xLW25A==",
      "os": ["android"],
      "cpu": ["x64"]
    },
    "@esbuild/darwin-arm64@0.25.6": {
      "integrity": "sha512-FFCssz3XBavjxcFxKsGy2DYK5VSvJqa6y5HXljKzhRZ87LvEi13brPrf/wdyl/BbpbMKJNOr1Sd0jtW4Ge1pAA==",
      "os": ["darwin"],
      "cpu": ["arm64"]
    },
    "@esbuild/darwin-x64@0.25.6": {
      "integrity": "sha512-GfXs5kry/TkGM2vKqK2oyiLFygJRqKVhawu3+DOCk7OxLy/6jYkWXhlHwOoTb0WqGnWGAS7sooxbZowy+pK9Yg==",
      "os": ["darwin"],
      "cpu": ["x64"]
    },
    "@esbuild/freebsd-arm64@0.25.6": {
      "integrity": "sha512-aoLF2c3OvDn2XDTRvn8hN6DRzVVpDlj2B/F66clWd/FHLiHaG3aVZjxQX2DYphA5y/evbdGvC6Us13tvyt4pWg==",
      "os": ["freebsd"],
      "cpu": ["arm64"]
    },
    "@esbuild/freebsd-x64@0.25.6": {
      "integrity": "sha512-2SkqTjTSo2dYi/jzFbU9Plt1vk0+nNg8YC8rOXXea+iA3hfNJWebKYPs3xnOUf9+ZWhKAaxnQNUf2X9LOpeiMQ==",
      "os": ["freebsd"],
      "cpu": ["x64"]
    },
    "@esbuild/linux-arm64@0.25.6": {
      "integrity": "sha512-b967hU0gqKd9Drsh/UuAm21Khpoh6mPBSgz8mKRq4P5mVK8bpA+hQzmm/ZwGVULSNBzKdZPQBRT3+WuVavcWsQ==",
      "os": ["linux"],
      "cpu": ["arm64"]
    },
    "@esbuild/linux-arm@0.25.6": {
      "integrity": "sha512-SZHQlzvqv4Du5PrKE2faN0qlbsaW/3QQfUUc6yO2EjFcA83xnwm91UbEEVx4ApZ9Z5oG8Bxz4qPE+HFwtVcfyw==",
      "os": ["linux"],
      "cpu": ["arm"]
    },
    "@esbuild/linux-ia32@0.25.6": {
      "integrity": "sha512-aHWdQ2AAltRkLPOsKdi3xv0mZ8fUGPdlKEjIEhxCPm5yKEThcUjHpWB1idN74lfXGnZ5SULQSgtr5Qos5B0bPw==",
      "os": ["linux"],
      "cpu": ["ia32"]
    },
    "@esbuild/linux-loong64@0.25.6": {
      "integrity": "sha512-VgKCsHdXRSQ7E1+QXGdRPlQ/e08bN6WMQb27/TMfV+vPjjTImuT9PmLXupRlC90S1JeNNW5lzkAEO/McKeJ2yg==",
      "os": ["linux"],
      "cpu": ["loong64"]
    },
    "@esbuild/linux-mips64el@0.25.6": {
      "integrity": "sha512-WViNlpivRKT9/py3kCmkHnn44GkGXVdXfdc4drNmRl15zVQ2+D2uFwdlGh6IuK5AAnGTo2qPB1Djppj+t78rzw==",
      "os": ["linux"],
      "cpu": ["mips64el"]
    },
    "@esbuild/linux-ppc64@0.25.6": {
      "integrity": "sha512-wyYKZ9NTdmAMb5730I38lBqVu6cKl4ZfYXIs31Baf8aoOtB4xSGi3THmDYt4BTFHk7/EcVixkOV2uZfwU3Q2Jw==",
      "os": ["linux"],
      "cpu": ["ppc64"]
    },
    "@esbuild/linux-riscv64@0.25.6": {
      "integrity": "sha512-KZh7bAGGcrinEj4qzilJ4hqTY3Dg2U82c8bv+e1xqNqZCrCyc+TL9AUEn5WGKDzm3CfC5RODE/qc96OcbIe33w==",
      "os": ["linux"],
      "cpu": ["riscv64"]
    },
    "@esbuild/linux-s390x@0.25.6": {
      "integrity": "sha512-9N1LsTwAuE9oj6lHMyyAM+ucxGiVnEqUdp4v7IaMmrwb06ZTEVCIs3oPPplVsnjPfyjmxwHxHMF8b6vzUVAUGw==",
      "os": ["linux"],
      "cpu": ["s390x"]
    },
    "@esbuild/linux-x64@0.25.6": {
      "integrity": "sha512-A6bJB41b4lKFWRKNrWoP2LHsjVzNiaurf7wyj/XtFNTsnPuxwEBWHLty+ZE0dWBKuSK1fvKgrKaNjBS7qbFKig==",
      "os": ["linux"],
      "cpu": ["x64"]
    },
    "@esbuild/netbsd-arm64@0.25.6": {
      "integrity": "sha512-IjA+DcwoVpjEvyxZddDqBY+uJ2Snc6duLpjmkXm/v4xuS3H+3FkLZlDm9ZsAbF9rsfP3zeA0/ArNDORZgrxR/Q==",
      "os": ["netbsd"],
      "cpu": ["arm64"]
    },
    "@esbuild/netbsd-x64@0.25.6": {
      "integrity": "sha512-dUXuZr5WenIDlMHdMkvDc1FAu4xdWixTCRgP7RQLBOkkGgwuuzaGSYcOpW4jFxzpzL1ejb8yF620UxAqnBrR9g==",
      "os": ["netbsd"],
      "cpu": ["x64"]
    },
    "@esbuild/openbsd-arm64@0.25.6": {
      "integrity": "sha512-l8ZCvXP0tbTJ3iaqdNf3pjaOSd5ex/e6/omLIQCVBLmHTlfXW3zAxQ4fnDmPLOB1x9xrcSi/xtCWFwCZRIaEwg==",
      "os": ["openbsd"],
      "cpu": ["arm64"]
    },
    "@esbuild/openbsd-x64@0.25.6": {
      "integrity": "sha512-hKrmDa0aOFOr71KQ/19JC7az1P0GWtCN1t2ahYAf4O007DHZt/dW8ym5+CUdJhQ/qkZmI1HAF8KkJbEFtCL7gw==",
      "os": ["openbsd"],
      "cpu": ["x64"]
    },
    "@esbuild/openharmony-arm64@0.25.6": {
      "integrity": "sha512-+SqBcAWoB1fYKmpWoQP4pGtx+pUUC//RNYhFdbcSA16617cchuryuhOCRpPsjCblKukAckWsV+aQ3UKT/RMPcA==",
      "os": ["openharmony"],
      "cpu": ["arm64"]
    },
    "@esbuild/sunos-x64@0.25.6": {
      "integrity": "sha512-dyCGxv1/Br7MiSC42qinGL8KkG4kX0pEsdb0+TKhmJZgCUDBGmyo1/ArCjNGiOLiIAgdbWgmWgib4HoCi5t7kA==",
      "os": ["sunos"],
      "cpu": ["x64"]
    },
    "@esbuild/win32-arm64@0.25.6": {
      "integrity": "sha512-42QOgcZeZOvXfsCBJF5Afw73t4veOId//XD3i+/9gSkhSV6Gk3VPlWncctI+JcOyERv85FUo7RxuxGy+z8A43Q==",
      "os": ["win32"],
      "cpu": ["arm64"]
    },
    "@esbuild/win32-ia32@0.25.6": {
      "integrity": "sha512-4AWhgXmDuYN7rJI6ORB+uU9DHLq/erBbuMoAuB4VWJTu5KtCgcKYPynF0YI1VkBNuEfjNlLrFr9KZPJzrtLkrQ==",
      "os": ["win32"],
      "cpu": ["ia32"]
    },
    "@esbuild/win32-x64@0.25.6": {
      "integrity": "sha512-NgJPHHbEpLQgDH2MjQu90pzW/5vvXIZ7KOnPyNBm92A6WgZ/7b6fJyUBjoumLqeOQQGqY2QjQxRo97ah4Sj0cA==",
      "os": ["win32"],
      "cpu": ["x64"]
    },
    "@fffffffxxxxxxx/videojs-markers@1.1.8_video.js@8.23.3": {
      "integrity": "sha512-SbeZvsE6stlMSOWg1xs8y4zrJl7+FjE9LhxbiozJ906mHWgMj+ImFMZMyMx0iej8TvrtH/R9piFvOjpdSRuFXQ==",
      "dependencies": [
        "video.js"
      ]
    },
    "@rollup/rollup-android-arm-eabi@4.45.1": {
      "integrity": "sha512-NEySIFvMY0ZQO+utJkgoMiCAjMrGvnbDLHvcmlA33UXJpYBCvlBEbMMtV837uCkS+plG2umfhn0T5mMAxGrlRA==",
      "os": ["android"],
      "cpu": ["arm"]
    },
    "@rollup/rollup-android-arm64@4.45.1": {
      "integrity": "sha512-ujQ+sMXJkg4LRJaYreaVx7Z/VMgBBd89wGS4qMrdtfUFZ+TSY5Rs9asgjitLwzeIbhwdEhyj29zhst3L1lKsRQ==",
      "os": ["android"],
      "cpu": ["arm64"]
    },
    "@rollup/rollup-darwin-arm64@4.45.1": {
      "integrity": "sha512-FSncqHvqTm3lC6Y13xncsdOYfxGSLnP+73k815EfNmpewPs+EyM49haPS105Rh4aF5mJKywk9X0ogzLXZzN9lA==",
      "os": ["darwin"],
      "cpu": ["arm64"]
    },
    "@rollup/rollup-darwin-x64@4.45.1": {
      "integrity": "sha512-2/vVn/husP5XI7Fsf/RlhDaQJ7x9zjvC81anIVbr4b/f0xtSmXQTFcGIQ/B1cXIYM6h2nAhJkdMHTnD7OtQ9Og==",
      "os": ["darwin"],
      "cpu": ["x64"]
    },
    "@rollup/rollup-freebsd-arm64@4.45.1": {
      "integrity": "sha512-4g1kaDxQItZsrkVTdYQ0bxu4ZIQ32cotoQbmsAnW1jAE4XCMbcBPDirX5fyUzdhVCKgPcrwWuucI8yrVRBw2+g==",
      "os": ["freebsd"],
      "cpu": ["arm64"]
    },
    "@rollup/rollup-freebsd-x64@4.45.1": {
      "integrity": "sha512-L/6JsfiL74i3uK1Ti2ZFSNsp5NMiM4/kbbGEcOCps99aZx3g8SJMO1/9Y0n/qKlWZfn6sScf98lEOUe2mBvW9A==",
      "os": ["freebsd"],
      "cpu": ["x64"]
    },
    "@rollup/rollup-linux-arm-gnueabihf@4.45.1": {
      "integrity": "sha512-RkdOTu2jK7brlu+ZwjMIZfdV2sSYHK2qR08FUWcIoqJC2eywHbXr0L8T/pONFwkGukQqERDheaGTeedG+rra6Q==",
      "os": ["linux"],
      "cpu": ["arm"]
    },
    "@rollup/rollup-linux-arm-musleabihf@4.45.1": {
      "integrity": "sha512-3kJ8pgfBt6CIIr1o+HQA7OZ9mp/zDk3ctekGl9qn/pRBgrRgfwiffaUmqioUGN9hv0OHv2gxmvdKOkARCtRb8Q==",
      "os": ["linux"],
      "cpu": ["arm"]
    },
    "@rollup/rollup-linux-arm64-gnu@4.45.1": {
      "integrity": "sha512-k3dOKCfIVixWjG7OXTCOmDfJj3vbdhN0QYEqB+OuGArOChek22hn7Uy5A/gTDNAcCy5v2YcXRJ/Qcnm4/ma1xw==",
      "os": ["linux"],
      "cpu": ["arm64"]
    },
    "@rollup/rollup-linux-arm64-musl@4.45.1": {
      "integrity": "sha512-PmI1vxQetnM58ZmDFl9/Uk2lpBBby6B6rF4muJc65uZbxCs0EA7hhKCk2PKlmZKuyVSHAyIw3+/SiuMLxKxWog==",
      "os": ["linux"],
      "cpu": ["arm64"]
    },
    "@rollup/rollup-linux-loongarch64-gnu@4.45.1": {
      "integrity": "sha512-9UmI0VzGmNJ28ibHW2GpE2nF0PBQqsyiS4kcJ5vK+wuwGnV5RlqdczVocDSUfGX/Na7/XINRVoUgJyFIgipoRg==",
      "os": ["linux"],
      "cpu": ["loong64"]
    },
    "@rollup/rollup-linux-powerpc64le-gnu@4.45.1": {
      "integrity": "sha512-7nR2KY8oEOUTD3pBAxIBBbZr0U7U+R9HDTPNy+5nVVHDXI4ikYniH1oxQz9VoB5PbBU1CZuDGHkLJkd3zLMWsg==",
      "os": ["linux"],
      "cpu": ["ppc64"]
    },
    "@rollup/rollup-linux-riscv64-gnu@4.45.1": {
      "integrity": "sha512-nlcl3jgUultKROfZijKjRQLUu9Ma0PeNv/VFHkZiKbXTBQXhpytS8CIj5/NfBeECZtY2FJQubm6ltIxm/ftxpw==",
      "os": ["linux"],
      "cpu": ["riscv64"]
    },
    "@rollup/rollup-linux-riscv64-musl@4.45.1": {
      "integrity": "sha512-HJV65KLS51rW0VY6rvZkiieiBnurSzpzore1bMKAhunQiECPuxsROvyeaot/tcK3A3aGnI+qTHqisrpSgQrpgA==",
      "os": ["linux"],
      "cpu": ["riscv64"]
    },
    "@rollup/rollup-linux-s390x-gnu@4.45.1": {
      "integrity": "sha512-NITBOCv3Qqc6hhwFt7jLV78VEO/il4YcBzoMGGNxznLgRQf43VQDae0aAzKiBeEPIxnDrACiMgbqjuihx08OOw==",
      "os": ["linux"],
      "cpu": ["s390x"]
    },
    "@rollup/rollup-linux-x64-gnu@4.45.1": {
      "integrity": "sha512-+E/lYl6qu1zqgPEnTrs4WysQtvc/Sh4fC2nByfFExqgYrqkKWp1tWIbe+ELhixnenSpBbLXNi6vbEEJ8M7fiHw==",
      "os": ["linux"],
      "cpu": ["x64"]
    },
    "@rollup/rollup-linux-x64-musl@4.45.1": {
      "integrity": "sha512-a6WIAp89p3kpNoYStITT9RbTbTnqarU7D8N8F2CV+4Cl9fwCOZraLVuVFvlpsW0SbIiYtEnhCZBPLoNdRkjQFw==",
      "os": ["linux"],
      "cpu": ["x64"]
    },
    "@rollup/rollup-win32-arm64-msvc@4.45.1": {
      "integrity": "sha512-T5Bi/NS3fQiJeYdGvRpTAP5P02kqSOpqiopwhj0uaXB6nzs5JVi2XMJb18JUSKhCOX8+UE1UKQufyD6Or48dJg==",
      "os": ["win32"],
      "cpu": ["arm64"]
    },
    "@rollup/rollup-win32-ia32-msvc@4.45.1": {
      "integrity": "sha512-lxV2Pako3ujjuUe9jiU3/s7KSrDfH6IgTSQOnDWr9aJ92YsFd7EurmClK0ly/t8dzMkDtd04g60WX6yl0sGfdw==",
      "os": ["win32"],
      "cpu": ["ia32"]
    },
    "@rollup/rollup-win32-x64-msvc@4.45.1": {
      "integrity": "sha512-M/fKi4sasCdM8i0aWJjCSFm2qEnYRR8AMLG2kxp6wD13+tMGA4Z1tVAuHkNRjud5SW2EM3naLuK35w9twvf6aA==",
      "os": ["win32"],
      "cpu": ["x64"]
    },
    "@tauri-apps/api@2.6.0": {
      "integrity": "sha512-hRNcdercfgpzgFrMXWwNDBN0B7vNzOzRepy6ZAmhxi5mDLVPNrTpo9MGg2tN/F7JRugj4d2aF7E1rtPXAHaetg=="
    },
    "@tauri-apps/cli-darwin-arm64@2.6.2": {
      "integrity": "sha512-YlvT+Yb7u2HplyN2Cf/nBplCQARC/I4uedlYHlgtxg6rV7xbo9BvG1jLOo29IFhqA2rOp5w1LtgvVGwsOf2kxw==",
      "os": ["darwin"],
      "cpu": ["arm64"]
    },
    "@tauri-apps/cli-darwin-x64@2.6.2": {
      "integrity": "sha512-21gdPWfv1bP8rkTdCL44in70QcYcPaDM70L+y78N8TkBuC+/+wqnHcwwjzb+mUyck6UoEw2DORagSI/oKKUGJw==",
      "os": ["darwin"],
      "cpu": ["x64"]
    },
    "@tauri-apps/cli-linux-arm-gnueabihf@2.6.2": {
      "integrity": "sha512-MW8Y6HqHS5yzQkwGoLk/ZyE1tWpnz/seDoY4INsbvUZdknuUf80yn3H+s6eGKtT/0Bfqon/W9sY7pEkgHRPQgA==",
      "os": ["linux"],
      "cpu": ["arm"]
    },
    "@tauri-apps/cli-linux-arm64-gnu@2.6.2": {
      "integrity": "sha512-9PdINTUtnyrnQt9hvC4y1m0NoxKSw/wUB9OTBAQabPj8WLAdvySWiUpEiqJjwLhlu4T6ltXZRpNTEzous3/RXg==",
      "os": ["linux"],
      "cpu": ["arm64"]
    },
    "@tauri-apps/cli-linux-arm64-musl@2.6.2": {
      "integrity": "sha512-LrcJTRr7FrtQlTDkYaRXIGo/8YU/xkWmBPC646WwKNZ/S6yqCiDcOMoPe7Cx4ZvcG6sK6LUCLQMfaSNEL7PT0A==",
      "os": ["linux"],
      "cpu": ["arm64"]
    },
    "@tauri-apps/cli-linux-riscv64-gnu@2.6.2": {
      "integrity": "sha512-GnTshO/BaZ9KGIazz2EiFfXGWgLur5/pjqklRA/ck42PGdUQJhV/Ao7A7TdXPjqAzpFxNo6M/Hx0GCH2iMS7IA==",
      "os": ["linux"],
      "cpu": ["riscv64"]
    },
    "@tauri-apps/cli-linux-x64-gnu@2.6.2": {
      "integrity": "sha512-QDG3WeJD6UJekmrtVPCJRzlKgn9sGzhvD58oAw5gIU+DRovgmmG2U1jH9fS361oYGjWWO7d/KM9t0kugZzi4lQ==",
      "os": ["linux"],
      "cpu": ["x64"]
    },
    "@tauri-apps/cli-linux-x64-musl@2.6.2": {
      "integrity": "sha512-TNVTDDtnWzuVqWBFdZ4+8ZTg17tc21v+CT5XBQ+KYCoYtCrIaHpW04fS5Tmudi+vYdBwoPDfwpKEB6LhCeFraQ==",
      "os": ["linux"],
      "cpu": ["x64"]
    },
    "@tauri-apps/cli-win32-arm64-msvc@2.6.2": {
      "integrity": "sha512-z77C1oa/hMLO/jM1JF39tK3M3v9nou7RsBnQoOY54z5WPcpVAbS0XdFhXB7sSN72BOiO3moDky9lQANQz6L3CA==",
      "os": ["win32"],
      "cpu": ["arm64"]
    },
    "@tauri-apps/cli-win32-ia32-msvc@2.6.2": {
      "integrity": "sha512-TmD8BbzbjluBw8+QEIWUVmFa9aAluSkT1N937n1mpYLXcPbTpbunqRFiIznTwupoJNJIdtpF/t7BdZDRh5rrcg==",
      "os": ["win32"],
      "cpu": ["ia32"]
    },
    "@tauri-apps/cli-win32-x64-msvc@2.6.2": {
      "integrity": "sha512-ItB8RCKk+nCmqOxOvbNtltz6x1A4QX6cSM21kj3NkpcnjT9rHSMcfyf8WVI2fkoMUJR80iqCblUX6ARxC3lj6w==",
      "os": ["win32"],
      "cpu": ["x64"]
    },
    "@tauri-apps/plugin-clipboard-manager@2.3.0": {
      "integrity": "sha512-81NOBA2P+OTY8RLkBwyl9ZR/0CeggLub4F6zxcxUIfFOAqtky7J61+K/MkH2SC1FMxNBxrX0swDuKvkjkHadlA==",
      "dependencies": [
        "@tauri-apps/api"
      ]
    },
    "@tauri-apps/plugin-dialog@2.3.0": {
      "integrity": "sha512-ylSBvYYShpGlKKh732ZuaHyJ5Ie1JR71QCXewCtsRLqGdc8Is4xWdz6t43rzXyvkItM9syNPMvFVcvjgEy+/GA==",
      "dependencies": [
        "@tauri-apps/api"
      ]
    },
    "@tauri-apps/plugin-updater@2.9.0": {
      "integrity": "sha512-j++sgY8XpeDvzImTrzWA08OqqGqgkNyxczLD7FjNJJx/uXxMZFz5nDcfkyoI/rCjYuj2101Tci/r/HFmOmoxCg==",
      "dependencies": [
        "@tauri-apps/api"
      ]
    },
    "@videojs/http-streaming@3.17.0_video.js@8.23.3": {
      "integrity": "sha512-Ch1P3tvvIEezeZXyK11UfWgp4cWKX4vIhZ30baN/lRinqdbakZ5hiAI3pGjRy3d+q/Epyc8Csz5xMdKNNGYpcw==",
      "dependencies": [
        "@babel/runtime",
        "@videojs/vhs-utils",
        "aes-decrypter",
        "global",
        "m3u8-parser",
        "mpd-parser",
        "mux.js",
        "video.js"
      ]
    },
    "@videojs/vhs-utils@4.1.1": {
      "integrity": "sha512-5iLX6sR2ownbv4Mtejw6Ax+naosGvoT9kY+gcuHzANyUZZ+4NpeNdKMUhb6ag0acYej1Y7cmr/F2+4PrggMiVA==",
      "dependencies": [
        "@babel/runtime",
        "global"
      ]
    },
    "@videojs/xhr@2.7.0": {
      "integrity": "sha512-giab+EVRanChIupZK7gXjHy90y3nncA2phIOyG3Ne5fvpiMJzvqYwiTOnEVW2S4CoYcuKJkomat7bMXA/UoUZQ==",
      "dependencies": [
        "@babel/runtime",
        "global",
        "is-function"
      ]
    },
    "@xmldom/xmldom@0.8.10": {
      "integrity": "sha512-2WALfTl4xo2SkGCYRt6rDTFfk9R1czmBvUQy12gK2KuRKIpWEhcbbzy8EZXtz/jkRqHX8bFEc6FC1HjX4TUWYw=="
    },
    "aes-decrypter@4.0.2": {
      "integrity": "sha512-lc+/9s6iJvuaRe5qDlMTpCFjnwpkeOXp8qP3oiZ5jsj1MRg+SBVUmmICrhxHvc8OELSmc+fEyyxAuppY6hrWzw==",
      "dependencies": [
        "@babel/runtime",
        "@videojs/vhs-utils",
        "global",
        "pkcs7"
      ]
    },
    "dom-walk@0.1.2": {
      "integrity": "sha512-6QvTW9mrGeIegrFXdtQi9pk7O/nSK6lSdXW2eqUspN5LWD7UTji2Fqw5V2YLjBpHEoU9Xl/eUWNpDeZvoyOv2w=="
    },
    "fsevents@2.3.3": {
      "integrity": "sha512-5xoDfX+fL7faATnagmWPpbFtwh/R77WmMMqqHGS65C3vvB0YHrgF+B1YmZ3441tMj5n63k0212XNoJwzlhffQw==",
      "os": ["darwin"],
      "scripts": true
    },
    "global@4.4.0": {
      "integrity": "sha512-wv/LAoHdRE3BeTGz53FAamhGlPLhlssK45usmGFThIi4XqnBmjKQ16u+RNbP7WvigRZDxUsM0J3gcQ5yicaL0w==",
      "dependencies": [
        "min-document",
        "process"
      ]
    },
    "is-function@1.0.2": {
      "integrity": "sha512-lw7DUp0aWXYg+CBCN+JKkcE0Q2RayZnSvnZBlwgxHBQhqt5pZNVy4Ri7H9GmmXkdu7LUthszM+Tor1u/2iBcpQ=="
    },
    "m3u8-parser@7.2.0": {
      "integrity": "sha512-CRatFqpjVtMiMaKXxNvuI3I++vUumIXVVT/JpCpdU/FynV/ceVw1qpPyyBNindL+JlPMSesx+WX1QJaZEJSaMQ==",
      "dependencies": [
        "@babel/runtime",
        "@videojs/vhs-utils",
        "global"
      ]
    },
    "min-document@2.19.0": {
      "integrity": "sha512-9Wy1B3m3f66bPPmU5hdA4DR4PB2OfDU/+GS3yAB7IQozE3tqXaVv2zOjgla7MEGSRv95+ILmOuvhLkOK6wJtCQ==",
      "dependencies": [
        "dom-walk"
      ]
    },
    "mpd-parser@1.3.1": {
      "integrity": "sha512-1FuyEWI5k2HcmhS1HkKnUAQV7yFPfXPht2DnRRGtoiiAAW+ESTbtEXIDpRkwdU+XyrQuwrIym7UkoPKsZ0SyFw==",
      "dependencies": [
        "@babel/runtime",
        "@videojs/vhs-utils",
        "@xmldom/xmldom",
        "global"
      ],
      "bin": true
    },
    "mux.js@7.1.0": {
      "integrity": "sha512-NTxawK/BBELJrYsZThEulyUMDVlLizKdxyAsMuzoCD1eFj97BVaA8D/CvKsKu6FOLYkFojN5CbM9h++ZTZtknA==",
      "dependencies": [
        "@babel/runtime",
        "global"
      ],
      "bin": true
    },
    "pkcs7@1.0.4": {
      "integrity": "sha512-afRERtHn54AlwaF2/+LFszyAANTCggGilmcmILUzEjvs3XgFZT+xE6+QWQcAGmu4xajy+Xtj7acLOPdx5/eXWQ==",
      "dependencies": [
        "@babel/runtime"
      ],
      "bin": true
    },
    "process@0.11.10": {
      "integrity": "sha512-cdGef/drWFoydD1JsMzuFf8100nZl+GT+yacc2bEced5f9Rjk4z+WtFUTBu9PhOi9j/jfmBPu0mMEY4wIdAF8A=="
    },
    "video.js@8.23.3": {
      "integrity": "sha512-Toe0VLlDZcUhiaWfcePS1OEdT3ATfktm0hk/PELfD7zUoPDHeT+cJf/wZmCy5M5eGVwtGUg25RWPCj1L/1XufA==",
      "dependencies": [
        "@babel/runtime",
        "@videojs/http-streaming",
        "@videojs/vhs-utils",
        "@videojs/xhr",
        "aes-decrypter",
        "global",
        "m3u8-parser",
        "mpd-parser",
        "mux.js",
        "videojs-contrib-quality-levels",
        "videojs-font",
        "videojs-vtt.js"
      ]
    },
    "videojs-contrib-quality-levels@4.1.0_video.js@8.23.3": {
      "integrity": "sha512-TfrXJJg1Bv4t6TOCMEVMwF/CoS8iENYsWNKip8zfhB5kTcegiFYezEA0eHAJPU64ZC8NQbxQgOwAsYU8VXbOWA==",
      "dependencies": [
        "global",
        "video.js"
      ]
    },
    "videojs-font@4.2.0": {
      "integrity": "sha512-YPq+wiKoGy2/M7ccjmlvwi58z2xsykkkfNMyIg4xb7EZQQNwB71hcSsB3o75CqQV7/y5lXkXhI/rsGAS7jfEmQ=="
    },
    "videojs-vtt.js@0.15.5": {
      "integrity": "sha512-yZbBxvA7QMYn15Lr/ZfhhLPrNpI/RmCSCqgIff57GC2gIrV5YfyzLfLyZMj0NnZSAz8syB4N0nHXpZg9MyrMOQ==",
      "dependencies": [
        "global"
      ]
    }
  },
  "workspace": {
    "packageJson": {
      "dependencies": [
        "npm:@fffffffxxxxxxx/videojs-markers@^1.1.8",
        "npm:@tauri-apps/api@2",
        "npm:@tauri-apps/plugin-clipboard-manager@2",
        "npm:@tauri-apps/plugin-dialog@2",
        "npm:@tauri-apps/plugin-updater@2",
        "npm:video.js@^8.22.0"
      ]
    }
  }
}
